
Microsoft Visual Studio Solution File, Format Version 12.00
# Visual Studio Version 16
VisualStudioVersion = 16.0.33920.266
MinimumVisualStudioVersion = 10.0.40219.1
Project("{8BC9CEB8-8B4A-11D0-8D11-00A0C91BC942}") = "五子棋-white", "五子棋-white\五子棋-white.vcxproj", "{D627D771-C1FB-4000-97EB-99C7BAB5BD47}"
EndProject
Global
	GlobalSection(SolutionConfigurationPlatforms) = preSolution
		Debug|x64 = Debug|x64
		Debug|x86 = Debug|x86
		Release|x64 = Release|x64
		Release|x86 = Release|x86
	EndGlobalSection
	GlobalSection(ProjectConfigurationPlatforms) = postSolution
		{D627D771-C1FB-4000-97EB-99C7BAB5BD47}.Debug|x64.ActiveCfg = Debug|x64
		{D627D771-C1FB-4000-97EB-99C7BAB5BD47}.Debug|x64.Build.0 = Debug|x64
		{D627D771-C1FB-4000-97EB-99C7BAB5BD47}.Debug|x86.ActiveCfg = Debug|Win32
		{D627D771-C1FB-4000-97EB-99C7BAB5BD47}.Debug|x86.Build.0 = Debug|Win32
		{D627D771-C1FB-4000-97EB-99C7BAB5BD47}.Release|x64.ActiveCfg = Release|x64
		{D627D771-C1FB-4000-97EB-99C7BAB5BD47}.Release|x64.Build.0 = Release|x64
		{D627D771-C1FB-4000-97EB-99C7BAB5BD47}.Release|x86.ActiveCfg = Release|Win32
		{D627D771-C1FB-4000-97EB-99C7BAB5BD47}.Release|x86.Build.0 = Release|Win32
	EndGlobalSection
	GlobalSection(SolutionProperties) = preSolution
		HideSolutionNode = FALSE
	EndGlobalSection
	GlobalSection(ExtensibilityGlobals) = postSolution
		SolutionGuid = {2B595048-C9C6-4BC0-9F7D-B452ECDE3D36}
	EndGlobalSection
EndGlobal
